
Microsoft Visual Studio Solution File, Format Version 12.00
# Visual Studio Version 16
VisualStudioVersion = 16.0.29920.165
MinimumVisualStudioVersion = 10.0.40219.1
Project("{FAE04EC0-301F-11D3-BF4B-00C04F79EFBC}") = "ReDocTest", "ReDocTest.csproj", "{2996A26F-5722-4A28-A39F-C4CC0C3C872F}"
EndProject
Global
	GlobalSection(SolutionConfigurationPlatforms) = preSolution
		Debug|Any CPU = Debug|Any CPU
		Release|Any CPU = Release|Any CPU
	EndGlobalSection
	GlobalSection(ProjectConfigurationPlatforms) = postSolution
		{2996A26F-5722-4A28-A39F-C4CC0C3C872F}.Debug|Any CPU.ActiveCfg = Debug|Any CPU
		{2996A26F-5722-4A28-A39F-C4CC0C3C872F}.Debug|Any CPU.Build.0 = Debug|Any CPU
		{2996A26F-5722-4A28-A39F-C4CC0C3C872F}.Release|Any CPU.ActiveCfg = Release|Any CPU
		{2996A26F-5722-4A28-A39F-C4CC0C3C872F}.Release|Any CPU.Build.0 = Release|Any CPU
	EndGlobalSection
	GlobalSection(SolutionProperties) = preSolution
		HideSolutionNode = FALSE
	EndGlobalSection
	GlobalSection(ExtensibilityGlobals) = postSolution
		SolutionGuid = {702920B0-2822-4DA2-9234-5CEF647BD75B}
	EndGlobalSection
EndGlobal
